
Microsoft Visual Studio Solution File, Format Version 11.00
# Visual C++ Express 2010
Project("{8BC9CEB8-8B4A-11D0-8D11-00A0C91BC942}") = "ka_ai_duka", "ka_ai_duka\ka_ai_duka.vcxproj", "{E41900FE-8F0B-4D0A-AA54-7FF2AC9BA9F0}"
EndProject
Project("{8BC9CEB8-8B4A-11D0-8D11-00A0C91BC942}") = "inject", "inject\inject.vcxproj", "{08CAAC2D-F6B2-4355-B009-668895EB30DD}"
EndProject
Global
	GlobalSection(SolutionConfigurationPlatforms) = preSolution
		Debug|Win32 = Debug|Win32
		Release|Win32 = Release|Win32
	EndGlobalSection
	GlobalSection(ProjectConfigurationPlatforms) = postSolution
		{E41900FE-8F0B-4D0A-AA54-7FF2AC9BA9F0}.Debug|Win32.ActiveCfg = Debug|Win32
		{E41900FE-8F0B-4D0A-AA54-7FF2AC9BA9F0}.Debug|Win32.Build.0 = Debug|Win32
		{E41900FE-8F0B-4D0A-AA54-7FF2AC9BA9F0}.Release|Win32.ActiveCfg = Release|Win32
		{E41900FE-8F0B-4D0A-AA54-7FF2AC9BA9F0}.Release|Win32.Build.0 = Release|Win32
		{08CAAC2D-F6B2-4355-B009-668895EB30DD}.Debug|Win32.ActiveCfg = Debug|Win32
		{08CAAC2D-F6B2-4355-B009-668895EB30DD}.Debug|Win32.Build.0 = Debug|Win32
		{08CAAC2D-F6B2-4355-B009-668895EB30DD}.Release|Win32.ActiveCfg = Release|Win32
		{08CAAC2D-F6B2-4355-B009-668895EB30DD}.Release|Win32.Build.0 = Release|Win32
	EndGlobalSection
	GlobalSection(SolutionProperties) = preSolution
		HideSolutionNode = FALSE
	EndGlobalSection
EndGlobal
