
Microsoft Visual Studio Solution File, Format Version 12.00
# Visual Studio 15
VisualStudioVersion = 15.0.27130.2036
MinimumVisualStudioVersion = 10.0.40219.1
Project("{8BC9CEB8-8B4A-11D0-8D11-00A0C91BC942}") = "ka_ai_duka", "ka_ai_duka\ka_ai_duka.vcxproj", "{E41900FE-8F0B-4D0A-AA54-7FF2AC9BA9F0}"
EndProject
Project("{8BC9CEB8-8B4A-11D0-8D11-00A0C91BC942}") = "inject", "inject\inject.vcxproj", "{08CAAC2D-F6B2-4355-B009-668895EB30DD}"
EndProject
Project("{8BC9CEB8-8B4A-11D0-8D11-00A0C91BC942}") = "common", "common\common.vcxproj", "{25CA3E9A-1B79-40D0-B1F4-0064E0748EEE}"
EndProject
Project("{8BC9CEB8-8B4A-11D0-8D11-00A0C91BC942}") = "ka_ai_duka_w", "ka_ai_duka_w\ka_ai_duka_w.vcxproj", "{5BD0E92F-0FB2-4B90-8567-2370E5363D85}"
EndProject
Project("{2150E333-8FDC-42A3-9474-1A3956D46DE8}") = "Solution Items", "Solution Items", "{32DED5C3-F0BE-485B-B8FF-3BDC29C5275F}"
	ProjectSection(SolutionItems) = preProject
		README.md = README.md
	EndProjectSection
EndProject
Global
	GlobalSection(SolutionConfigurationPlatforms) = preSolution
		Debug|Win32 = Debug|Win32
		Release|Win32 = Release|Win32
	EndGlobalSection
	GlobalSection(ProjectConfigurationPlatforms) = postSolution
		{E41900FE-8F0B-4D0A-AA54-7FF2AC9BA9F0}.Debug|Win32.ActiveCfg = Debug|Win32
		{E41900FE-8F0B-4D0A-AA54-7FF2AC9BA9F0}.Debug|Win32.Build.0 = Debug|Win32
		{E41900FE-8F0B-4D0A-AA54-7FF2AC9BA9F0}.Release|Win32.ActiveCfg = Release|Win32
		{E41900FE-8F0B-4D0A-AA54-7FF2AC9BA9F0}.Release|Win32.Build.0 = Release|Win32
		{08CAAC2D-F6B2-4355-B009-668895EB30DD}.Debug|Win32.ActiveCfg = Debug|Win32
		{08CAAC2D-F6B2-4355-B009-668895EB30DD}.Debug|Win32.Build.0 = Debug|Win32
		{08CAAC2D-F6B2-4355-B009-668895EB30DD}.Release|Win32.ActiveCfg = Release|Win32
		{08CAAC2D-F6B2-4355-B009-668895EB30DD}.Release|Win32.Build.0 = Release|Win32
		{25CA3E9A-1B79-40D0-B1F4-0064E0748EEE}.Debug|Win32.ActiveCfg = Debug|Win32
		{25CA3E9A-1B79-40D0-B1F4-0064E0748EEE}.Debug|Win32.Build.0 = Debug|Win32
		{25CA3E9A-1B79-40D0-B1F4-0064E0748EEE}.Release|Win32.ActiveCfg = Release|Win32
		{25CA3E9A-1B79-40D0-B1F4-0064E0748EEE}.Release|Win32.Build.0 = Release|Win32
		{5BD0E92F-0FB2-4B90-8567-2370E5363D85}.Debug|Win32.ActiveCfg = Debug|Win32
		{5BD0E92F-0FB2-4B90-8567-2370E5363D85}.Debug|Win32.Build.0 = Debug|Win32
		{5BD0E92F-0FB2-4B90-8567-2370E5363D85}.Release|Win32.ActiveCfg = Release|Win32
		{5BD0E92F-0FB2-4B90-8567-2370E5363D85}.Release|Win32.Build.0 = Release|Win32
	EndGlobalSection
	GlobalSection(SolutionProperties) = preSolution
		HideSolutionNode = FALSE
	EndGlobalSection
	GlobalSection(ExtensibilityGlobals) = postSolution
		SolutionGuid = {B25A0F18-5B01-4578-90DF-433F3EDE054C}
	EndGlobalSection
EndGlobal
